
Microsoft Visual Studio Solution File, Format Version 12.00
# Visual Studio Version 17
VisualStudioVersion = 17.9.34902.65
MinimumVisualStudioVersion = 10.0.40219.1
Project("{FAE04EC0-301F-11D3-BF4B-00C04F79EFBC}") = "FlightTicketSalesApp.Core", "FlightTicketSalesApp.Core\FlightTicketSalesApp.Core.csproj", "{32542424-4F91-486C-B749-38AAF869E9D2}"
EndProject
Project("{FAE04EC0-301F-11D3-BF4B-00C04F79EFBC}") = "FlightTicketSalesApp.Entities", "FlightTicketSalesApp.Entities\FlightTicketSalesApp.Entities.csproj", "{493C8A02-2D56-42F9-A48F-D002798886D3}"
EndProject
Project("{FAE04EC0-301F-11D3-BF4B-00C04F79EFBC}") = "FlightTicketSalesApp.DataAccess", "FlightTicketSalesApp.DataAccess\FlightTicketSalesApp.DataAccess.csproj", "{0F4870D4-31A0-487C-B418-9F553AB40B2A}"
EndProject
Project("{FAE04EC0-301F-11D3-BF4B-00C04F79EFBC}") = "FlightTicketSalesApp.Business", "FlightTicketSalesApp.Business\FlightTicketSalesApp.Business.csproj", "{68D44922-E2E7-4305-8BB4-40ED3347056B}"
EndProject
Project("{FAE04EC0-301F-11D3-BF4B-00C04F79EFBC}") = "FlightTicketSalesApp.WebAPI", "FlightTicketSalesApp.WebAPI\FlightTicketSalesApp.WebAPI.csproj", "{A4FF7C7E-97B0-416A-95D0-81F11DB196B9}"
EndProject
Project("{FAE04EC0-301F-11D3-BF4B-00C04F79EFBC}") = "FlightTicketSalesApp.MvcWebUI", "FlightTicketSalesApp.MvcWebUI\FlightTicketSalesApp.MvcWebUI.csproj", "{B2CBC53A-FA8A-4601-AAD9-DF70AC0E5CD6}"
EndProject
Global
	GlobalSection(SolutionConfigurationPlatforms) = preSolution
		Debug|Any CPU = Debug|Any CPU
		Release|Any CPU = Release|Any CPU
	EndGlobalSection
	GlobalSection(ProjectConfigurationPlatforms) = postSolution
		{32542424-4F91-486C-B749-38AAF869E9D2}.Debug|Any CPU.ActiveCfg = Debug|Any CPU
		{32542424-4F91-486C-B749-38AAF869E9D2}.Debug|Any CPU.Build.0 = Debug|Any CPU
		{32542424-4F91-486C-B749-38AAF869E9D2}.Release|Any CPU.ActiveCfg = Release|Any CPU
		{32542424-4F91-486C-B749-38AAF869E9D2}.Release|Any CPU.Build.0 = Release|Any CPU
		{493C8A02-2D56-42F9-A48F-D002798886D3}.Debug|Any CPU.ActiveCfg = Debug|Any CPU
		{493C8A02-2D56-42F9-A48F-D002798886D3}.Debug|Any CPU.Build.0 = Debug|Any CPU
		{493C8A02-2D56-42F9-A48F-D002798886D3}.Release|Any CPU.ActiveCfg = Release|Any CPU
		{493C8A02-2D56-42F9-A48F-D002798886D3}.Release|Any CPU.Build.0 = Release|Any CPU
		{0F4870D4-31A0-487C-B418-9F553AB40B2A}.Debug|Any CPU.ActiveCfg = Debug|Any CPU
		{0F4870D4-31A0-487C-B418-9F553AB40B2A}.Debug|Any CPU.Build.0 = Debug|Any CPU
		{0F4870D4-31A0-487C-B418-9F553AB40B2A}.Release|Any CPU.ActiveCfg = Release|Any CPU
		{0F4870D4-31A0-487C-B418-9F553AB40B2A}.Release|Any CPU.Build.0 = Release|Any CPU
		{68D44922-E2E7-4305-8BB4-40ED3347056B}.Debug|Any CPU.ActiveCfg = Debug|Any CPU
		{68D44922-E2E7-4305-8BB4-40ED3347056B}.Debug|Any CPU.Build.0 = Debug|Any CPU
		{68D44922-E2E7-4305-8BB4-40ED3347056B}.Release|Any CPU.ActiveCfg = Release|Any CPU
		{68D44922-E2E7-4305-8BB4-40ED3347056B}.Release|Any CPU.Build.0 = Release|Any CPU
		{A4FF7C7E-97B0-416A-95D0-81F11DB196B9}.Debug|Any CPU.ActiveCfg = Debug|Any CPU
		{A4FF7C7E-97B0-416A-95D0-81F11DB196B9}.Debug|Any CPU.Build.0 = Debug|Any CPU
		{A4FF7C7E-97B0-416A-95D0-81F11DB196B9}.Release|Any CPU.ActiveCfg = Release|Any CPU
		{A4FF7C7E-97B0-416A-95D0-81F11DB196B9}.Release|Any CPU.Build.0 = Release|Any CPU
		{B2CBC53A-FA8A-4601-AAD9-DF70AC0E5CD6}.Debug|Any CPU.ActiveCfg = Debug|Any CPU
		{B2CBC53A-FA8A-4601-AAD9-DF70AC0E5CD6}.Debug|Any CPU.Build.0 = Debug|Any CPU
		{B2CBC53A-FA8A-4601-AAD9-DF70AC0E5CD6}.Release|Any CPU.ActiveCfg = Release|Any CPU
		{B2CBC53A-FA8A-4601-AAD9-DF70AC0E5CD6}.Release|Any CPU.Build.0 = Release|Any CPU
	EndGlobalSection
	GlobalSection(SolutionProperties) = preSolution
		HideSolutionNode = FALSE
	EndGlobalSection
	GlobalSection(ExtensibilityGlobals) = postSolution
		SolutionGuid = {0DBFEE55-1018-4B98-8464-12AF7D090412}
	EndGlobalSection
EndGlobal
